
Microsoft Visual Studio Solution File, Format Version 12.00
# Visual Studio 15
VisualStudioVersion = 15.0.27130.0
MinimumVisualStudioVersion = 10.0.40219.1
Project("{FAE04EC0-301F-11D3-BF4B-00C04F79EFBC}") = "ProblemSolver", "ProblemSolver\ProblemSolver.csproj", "{7C9C5F6C-210B-4352-B163-A75EFC3BD850}"
EndProject
Project("{FAE04EC0-301F-11D3-BF4B-00C04F79EFBC}") = "ProblemSolverTest", "ProblemSolverTest\ProblemSolverTest.csproj", "{27A03E2D-EF3D-4926-AAC9-954D0112AE8D}"
EndProject
Project("{FAE04EC0-301F-11D3-BF4B-00C04F79EFBC}") = "Algorithms", "Algorithms\Algorithms.csproj", "{7FB97E65-D2C8-4D6E-8704-8A1723BF9FDA}"
EndProject
Project("{FAE04EC0-301F-11D3-BF4B-00C04F79EFBC}") = "Game15", "Game15\Game15.csproj", "{3E03B803-A618-44D6-A751-2B07A4AD4DC1}"
EndProject
Global
	GlobalSection(SolutionConfigurationPlatforms) = preSolution
		Debug|Any CPU = Debug|Any CPU
		Release|Any CPU = Release|Any CPU
	EndGlobalSection
	GlobalSection(ProjectConfigurationPlatforms) = postSolution
		{7C9C5F6C-210B-4352-B163-A75EFC3BD850}.Debug|Any CPU.ActiveCfg = Debug|Any CPU
		{7C9C5F6C-210B-4352-B163-A75EFC3BD850}.Debug|Any CPU.Build.0 = Debug|Any CPU
		{7C9C5F6C-210B-4352-B163-A75EFC3BD850}.Release|Any CPU.ActiveCfg = Release|Any CPU
		{7C9C5F6C-210B-4352-B163-A75EFC3BD850}.Release|Any CPU.Build.0 = Release|Any CPU
		{27A03E2D-EF3D-4926-AAC9-954D0112AE8D}.Debug|Any CPU.ActiveCfg = Debug|Any CPU
		{27A03E2D-EF3D-4926-AAC9-954D0112AE8D}.Debug|Any CPU.Build.0 = Debug|Any CPU
		{27A03E2D-EF3D-4926-AAC9-954D0112AE8D}.Release|Any CPU.ActiveCfg = Release|Any CPU
		{27A03E2D-EF3D-4926-AAC9-954D0112AE8D}.Release|Any CPU.Build.0 = Release|Any CPU
		{7FB97E65-D2C8-4D6E-8704-8A1723BF9FDA}.Debug|Any CPU.ActiveCfg = Debug|Any CPU
		{7FB97E65-D2C8-4D6E-8704-8A1723BF9FDA}.Debug|Any CPU.Build.0 = Debug|Any CPU
		{7FB97E65-D2C8-4D6E-8704-8A1723BF9FDA}.Release|Any CPU.ActiveCfg = Release|Any CPU
		{7FB97E65-D2C8-4D6E-8704-8A1723BF9FDA}.Release|Any CPU.Build.0 = Release|Any CPU
		{3E03B803-A618-44D6-A751-2B07A4AD4DC1}.Debug|Any CPU.ActiveCfg = Debug|Any CPU
		{3E03B803-A618-44D6-A751-2B07A4AD4DC1}.Debug|Any CPU.Build.0 = Debug|Any CPU
		{3E03B803-A618-44D6-A751-2B07A4AD4DC1}.Release|Any CPU.ActiveCfg = Release|Any CPU
		{3E03B803-A618-44D6-A751-2B07A4AD4DC1}.Release|Any CPU.Build.0 = Release|Any CPU
	EndGlobalSection
	GlobalSection(SolutionProperties) = preSolution
		HideSolutionNode = FALSE
	EndGlobalSection
	GlobalSection(ExtensibilityGlobals) = postSolution
		SolutionGuid = {FD9106FA-635A-44C6-BB54-31CA1B229549}
	EndGlobalSection
EndGlobal
